
Microsoft Visual Studio Solution File, Format Version 12.00
# Visual Studio Version 16
VisualStudioVersion = 16.0.29020.237
MinimumVisualStudioVersion = 10.0.40219.1
Project("{888888A0-9F3D-457C-B088-3A5042F75D52}") = "Arkanoid", "Arkanoid.pyproj", "{2BEE3497-86C4-4DFC-80E6-37D2915C4E3F}"
EndProject
Global
	GlobalSection(SolutionConfigurationPlatforms) = preSolution
		Debug|Any CPU = Debug|Any CPU
		Release|Any CPU = Release|Any CPU
	EndGlobalSection
	GlobalSection(ProjectConfigurationPlatforms) = postSolution
		{2BEE3497-86C4-4DFC-80E6-37D2915C4E3F}.Debug|Any CPU.ActiveCfg = Debug|Any CPU
		{2BEE3497-86C4-4DFC-80E6-37D2915C4E3F}.Release|Any CPU.ActiveCfg = Release|Any CPU
	EndGlobalSection
	GlobalSection(SolutionProperties) = preSolution
		HideSolutionNode = FALSE
	EndGlobalSection
	GlobalSection(ExtensibilityGlobals) = postSolution
		SolutionGuid = {FE641250-C98C-4724-B213-EE00789D5945}
	EndGlobalSection
EndGlobal
